# THIS IS AN AUTOGENERATED FILE. DO NOT EDIT THIS FILE DIRECTLY.
# yarn lockfile v1


"@angular/common@^2.1.0":
  version "2.4.5"
  resolved "https://registry.yarnpkg.com/@angular/common/-/common-2.4.5.tgz#ada1a22b7ba01d1fdeb300115584478e031e9a4f"

"@angular/compiler-cli@^2.1.0":
  version "2.4.5"
  resolved "https://registry.yarnpkg.com/@angular/compiler-cli/-/compiler-cli-2.4.5.tgz#efabbe10558b233dcdfe985af2bd2e84f1414c97"
  dependencies:
    "@angular/tsc-wrapped" "0.5.1"
    minimist "^1.2.0"
    reflect-metadata "^0.1.2"

"@angular/compiler@^2.1.0":
  version "2.4.5"
  resolved "https://registry.yarnpkg.com/@angular/compiler/-/compiler-2.4.5.tgz#521da325e2e002398e8f9de52cfb03d303729e72"

"@angular/core@^2.1.0":
  version "2.4.5"
  resolved "https://registry.yarnpkg.com/@angular/core/-/core-2.4.5.tgz#8b05156398afde9636e65527ffb61fc74236af5a"

"@angular/forms@^2.1.0":
  version "2.4.5"
  resolved "https://registry.yarnpkg.com/@angular/forms/-/forms-2.4.5.tgz#468bd040518595c3598742ac1a22c506a7f1ab0f"

"@angular/platform-browser@^2.1.0":
  version "2.4.5"
  resolved "https://registry.yarnpkg.com/@angular/platform-browser/-/platform-browser-2.4.5.tgz#fa1bc891b1309bca83845787b9a08db36a787fee"

"@angular/platform-server@^2.1.0":
  version "2.4.5"
  resolved "https://registry.yarnpkg.com/@angular/platform-server/-/platform-server-2.4.5.tgz#4322d6a3609603edf34101f286d47db8762a08bc"
  dependencies:
    parse5 "^2.2.1"

"@angular/tsc-wrapped@0.5.1":
  version "0.5.1"
  resolved "https://registry.yarnpkg.com/@angular/tsc-wrapped/-/tsc-wrapped-0.5.1.tgz#7a69bec999eef41903dddaaccdc862cfcface52c"
  dependencies:
    tsickle "^0.2"

"@types/ckeditor@0.0.33":
  version "0.0.33"
  resolved "https://registry.yarnpkg.com/@types/ckeditor/-/ckeditor-0.0.33.tgz#bb5195a7cbdb5dc1d54f96b16b859d20fb1fdab7"

"@types/core-js@^0.9.34":
  version "0.9.35"
  resolved "https://registry.yarnpkg.com/@types/core-js/-/core-js-0.9.35.tgz#444064e63711cdcc62ea844d27642f6efc2285f2"

"@types/node@^6.0.45":
  version "6.0.62"
  resolved "https://registry.yarnpkg.com/@types/node/-/node-6.0.62.tgz#85222c077b54f25b57417bb708b9f877bda37f89"

codemirror@^5.22.2:
  version "5.23.0"
  resolved "https://registry.yarnpkg.com/codemirror/-/codemirror-5.23.0.tgz#ac9b6b2e163a79e915b44cf0f43cd115cf6982dc"

minimist@0.0.8:
  version "0.0.8"
  resolved "https://registry.yarnpkg.com/minimist/-/minimist-0.0.8.tgz#857fcabfc3397d2625b8228262e86aa7a011b05d"

minimist@^1.2.0:
  version "1.2.0"
  resolved "https://registry.yarnpkg.com/minimist/-/minimist-1.2.0.tgz#a35008b20f41383eec1fb914f4cd5df79a264284"

mkdirp@^0.5.1:
  version "0.5.1"
  resolved "https://registry.yarnpkg.com/mkdirp/-/mkdirp-0.5.1.tgz#30057438eac6cf7f8c4767f38648d6697d75c903"
  dependencies:
    minimist "0.0.8"

parse5@^2.2.1:
  version "2.2.3"
  resolved "https://registry.yarnpkg.com/parse5/-/parse5-2.2.3.tgz#0c4fc41c1000c5e6b93d48b03f8083837834e9f6"

reflect-metadata@^0.1.2:
  version "0.1.9"
  resolved "https://registry.yarnpkg.com/reflect-metadata/-/reflect-metadata-0.1.9.tgz#987238dc87a516895fe457f130435ffbd763a4d4"

rxjs@5.0.0-beta.12:
  version "5.0.0-beta.12"
  resolved "https://registry.yarnpkg.com/rxjs/-/rxjs-5.0.0-beta.12.tgz#cdfde2d8c4639d20ae7794bff8fddf32da7ad337"
  dependencies:
    symbol-observable "^1.0.1"

source-map-support@^0.4.2:
  version "0.4.10"
  resolved "https://registry.yarnpkg.com/source-map-support/-/source-map-support-0.4.10.tgz#d7b19038040a14c0837a18e630a196453952b378"
  dependencies:
    source-map "^0.5.3"

source-map@^0.5.3, source-map@^0.5.6:
  version "0.5.6"
  resolved "https://registry.yarnpkg.com/source-map/-/source-map-0.5.6.tgz#75ce38f52bf0733c5a7f0c118d81334a2bb5f412"

symbol-observable@^1.0.1:
  version "1.0.4"
  resolved "https://registry.yarnpkg.com/symbol-observable/-/symbol-observable-1.0.4.tgz#29bf615d4aa7121bdd898b22d4b3f9bc4e2aa03d"

tsickle@^0.2:
  version "0.2.4"
  resolved "https://registry.yarnpkg.com/tsickle/-/tsickle-0.2.4.tgz#98f4837bf45eb142a90fec751f8e30c6a5bc7c06"
  dependencies:
    minimist "^1.2.0"
    mkdirp "^0.5.1"
    source-map "^0.5.6"
    source-map-support "^0.4.2"

typescript@^2.0.3:
  version "2.1.5"
  resolved "https://registry.yarnpkg.com/typescript/-/typescript-2.1.5.tgz#6fe9479e00e01855247cea216e7561bafcdbcd4a"

zone.js@^0.6.26:
  version "0.6.26"
  resolved "https://registry.yarnpkg.com/zone.js/-/zone.js-0.6.26.tgz#067c13b8b80223a89b62e9dc82680f09762c4636"
